{
  "lockfileVersion": 1,
  "configVersion": 1,
  "workspaces": {
    "": {
      "name": "groundstation",
      "dependencies": {
        "@opentui/core": "^0.4.5",
        "@opentui/keymap": "^0.4.5",
        "@opentui/qrcode": "^0.4.5",
        "@opentui/react": "^0.4.5",
        "@opentui/ssh": "^0.4.5",
        "@opentui/three": "^0.4.5",
        "react": "^19.2.0",
      },
      "devDependencies": {
        "@types/bun": "^1.3.14",
        "@types/react": "^19.0.0",
        "typescript": "^5.6.0",
      },
    },
  },
  "packages": {
    "@borewit/text-codec": ["@borewit/text-codec@0.2.2", "", {}, "sha512-DDaRehssg1aNrH4+2hnj1B7vnUGEjU6OIlyRdkMd0aUdIUvKXrJfXsy8LVtXAy7DRvYVluWbMspsRhz2lcW0mQ=="],

    "@dimforge/rapier2d-simd-compat": ["@dimforge/rapier2d-simd-compat@0.17.3", "", {}, "sha512-bijvwWz6NHsNj5e5i1vtd3dU2pDhthSaTUZSh14DUGGKJfw8eMnlWZsxwHBxB/a3AXVNDjL9abuHw1k9FGR+jg=="],

    "@jimp/core": ["@jimp/core@1.6.1", "", { "dependencies": { "@jimp/file-ops": "1.6.1", "@jimp/types": "1.6.1", "@jimp/utils": "1.6.1", "await-to-js": "^3.0.0", "exif-parser": "^0.1.12", "file-type": "^21.3.3", "mime": "3" } }, "sha512-+BoKC5G6hkrSy501zcJ2EpfnllP+avPevcBfRcZe/CW+EwEfY6X1EZ8QWyT7NpDIvEEJb1fdJnMMfUnFkxmw9A=="],

    "@jimp/diff": ["@jimp/diff@1.6.1", "", { "dependencies": { "@jimp/plugin-resize": "1.6.1", "@jimp/types": "1.6.1", "@jimp/utils": "1.6.1", "pixelmatch": "^5.3.0" } }, "sha512-YkKDPdHjLgo1Api3+Bhc0GLAygldlpt97NfOKoNg1U6IUNXA6X2MgosCjPfSBiSvJvrrz1fsIR+/4cfYXBI/HQ=="],

    "@jimp/file-ops": ["@jimp/file-ops@1.6.1", "", {}, "sha512-T+gX6osHjprbDRad0/B71Evyre7ZdVY1z/gFGEG9Z8KOtZPKboWvPeP2UjbZYWQLy9UKCPQX1FNAnDiOPkJL7w=="],

    "@jimp/js-bmp": ["@jimp/js-bmp@1.6.1", "", { "dependencies": { "@jimp/core": "1.6.1", "@jimp/types": "1.6.1", "@jimp/utils": "1.6.1", "bmp-ts": "^1.0.9" } }, "sha512-xzWzNT4/u5zGrTT3Tme9sGU7YzIKxi13+BCQwLqACbt5DXf9SAfdzRkopZQnmDko+6In5nqaT89Gjs43/WdnYQ=="],

    "@jimp/js-gif": ["@jimp/js-gif@1.6.1", "", { "dependencies": { "@jimp/core": "1.6.1", "@jimp/types": "1.6.1", "gifwrap": "^0.10.1", "omggif": "^1.0.10" } }, "sha512-YjY2W26rQa05XhanYhRZ7dingCiNN+T2Ymb1JiigIbABY0B28wHE3v3Cf1/HZPWGu0hOg36ylaKgV5KxF2M58w=="],

    "@jimp/js-jpeg": ["@jimp/js-jpeg@1.6.1", "", { "dependencies": { "@jimp/core": "1.6.1", "@jimp/types": "1.6.1", "jpeg-js": "^0.4.4" } }, "sha512-HT9H3yOmlOFzYmdI15IYdfy6ggQhSRIaHeA+OTJSEORXBqEo97sUZu/DsgHIcX5NJ7TkJBTgZ9BZXsV6UbsyMg=="],

    "@jimp/js-png": ["@jimp/js-png@1.6.1", "", { "dependencies": { "@jimp/core": "1.6.1", "@jimp/types": "1.6.1", "pngjs": "^7.0.0" } }, "sha512-SZ/KVhI5UjcSzzlXsXdIi/LhJ7UShf2NkMOtVrbZQcGzsqNtynAelrOXeoTxcanfVqmNhAoVHg8yR2cYoqrYjA=="],

    "@jimp/js-tiff": ["@jimp/js-tiff@1.6.1", "", { "dependencies": { "@jimp/core": "1.6.1", "@jimp/types": "1.6.1", "utif2": "^4.1.0" } }, "sha512-jDG/eJquID1M4MBlKMmDRBmz2TpXMv7TUyu2nIRUxhlUc2ogC82T+VQUkca9GJH1BBJ9dx5sSE5dGkWNjIbZxw=="],

    "@jimp/plugin-blit": ["@jimp/plugin-blit@1.6.1", "", { "dependencies": { "@jimp/types": "1.6.1", "@jimp/utils": "1.6.1", "zod": "^3.23.8" } }, "sha512-MwnI7C7K81uWddY9FLw1fCOIy6SsPIUftUz36Spt7jisCn8/40DhQMlSxpxTNelnZb/2SnloFimQfRZAmHLOqQ=="],

    "@jimp/plugin-blur": ["@jimp/plugin-blur@1.6.1", "", { "dependencies": { "@jimp/core": "1.6.1", "@jimp/utils": "1.6.1" } }, "sha512-lIo7Tzp5jQu30EFFSK/phXANK3citKVEjepDjQ6ljHoIFtuMRrnybnmI2Md24ulvWlDaz+hh3n6qrMb8ydwhZQ=="],

    "@jimp/plugin-circle": ["@jimp/plugin-circle@1.6.1", "", { "dependencies": { "@jimp/types": "1.6.1", "zod": "^3.23.8" } }, "sha512-kK1PavY6cKHNNKce37vdV4Tmpc1/zDKngGoeOV3j+EMatoHFZUinV3s6F9aWryPs3A0xhCLZgdJ6Zeea1d5LCQ=="],

    "@jimp/plugin-color": ["@jimp/plugin-color@1.6.1", "", { "dependencies": { "@jimp/core": "1.6.1", "@jimp/types": "1.6.1", "@jimp/utils": "1.6.1", "tinycolor2": "^1.6.0", "zod": "^3.23.8" } }, "sha512-LtUN1vAP+LRlZAtTNVhDRSiXx+26Kbz3zJaG6a5k59gQ95jgT5mknnF8lxkHcqJthM4MEk3/tPxkdJpEybyF/A=="],

    "@jimp/plugin-contain": ["@jimp/plugin-contain@1.6.1", "", { "dependencies": { "@jimp/core": "1.6.1", "@jimp/plugin-blit": "1.6.1", "@jimp/plugin-resize": "1.6.1", "@jimp/types": "1.6.1", "@jimp/utils": "1.6.1", "zod": "^3.23.8" } }, "sha512-m0qhrfA8jkTqretGv4w+T/ADFR4GwBpE0sCOC2uJ0dzr44/ddOMsIdrpi89kabqYiPYIrxkgdCVCLm3zn1Vkkg=="],

    "@jimp/plugin-cover": ["@jimp/plugin-cover@1.6.1", "", { "dependencies": { "@jimp/core": "1.6.1", "@jimp/plugin-crop": "1.6.1", "@jimp/plugin-resize": "1.6.1", "@jimp/types": "1.6.1", "zod": "^3.23.8" } }, "sha512-hZytnsth0zoll6cPf434BrT+p/v569Wr5tyO6Dp0dH1IDPhzhB5F38sZGMLDo7bzQiN9JFVB3fxkcJ/WYCJ3Mg=="],

    "@jimp/plugin-crop": ["@jimp/plugin-crop@1.6.1", "", { "dependencies": { "@jimp/core": "1.6.1", "@jimp/types": "1.6.1", "@jimp/utils": "1.6.1", "zod": "^3.23.8" } }, "sha512-EerRSLlclXyKDnYc/H9w/1amZW7b7v3OGi/VlerPd2M/pAu5X8TkyYWtfqYCXnNp1Ixtd8oCo9zGfY9zoXT4rg=="],

    "@jimp/plugin-displace": ["@jimp/plugin-displace@1.6.1", "", { "dependencies": { "@jimp/types": "1.6.1", "@jimp/utils": "1.6.1", "zod": "^3.23.8" } }, "sha512-K07QVl7xQwIfD6KfxRV/c3E9e7ZBXxUXdWuvoTWcKHL2qV48MOF5Nqbz/aJW4ThnQARIsxvYlZjPFiqkCjlU+g=="],

    "@jimp/plugin-dither": ["@jimp/plugin-dither@1.6.1", "", { "dependencies": { "@jimp/types": "1.6.1" } }, "sha512-+2V+GCV2WycMoX1/z977TkZ8Zq/4MVSKElHYatgUqtwXMi2fDK2gKYU2g9V39IqFvTJsTIsK0+58VFz/ROBVew=="],

    "@jimp/plugin-fisheye": ["@jimp/plugin-fisheye@1.6.1", "", { "dependencies": { "@jimp/types": "1.6.1", "@jimp/utils": "1.6.1", "zod": "^3.23.8" } }, "sha512-XtS5ZyoZ0vxZxJ6gkqI63SivhtI58vX95foMPM+cyzYkRsJXMOYCr8DScxF5bp4Xr003NjYm/P+7+08tibwzHA=="],

    "@jimp/plugin-flip": ["@jimp/plugin-flip@1.6.1", "", { "dependencies": { "@jimp/types": "1.6.1", "zod": "^3.23.8" } }, "sha512-ws38W/sGj7LobNRayQ83garxiktOyWxM5vO/y4a/2cy9v65SLEUzVkrj+oeAaUSSObdz4HcCEla7XtGlnAGAaA=="],

    "@jimp/plugin-hash": ["@jimp/plugin-hash@1.6.1", "", { "dependencies": { "@jimp/core": "1.6.1", "@jimp/js-bmp": "1.6.1", "@jimp/js-jpeg": "1.6.1", "@jimp/js-png": "1.6.1", "@jimp/js-tiff": "1.6.1", "@jimp/plugin-color": "1.6.1", "@jimp/plugin-resize": "1.6.1", "@jimp/types": "1.6.1", "@jimp/utils": "1.6.1", "any-base": "^1.1.0" } }, "sha512-sZt6ZcMX6i8vFWb4GYnw0pR/o9++ef0dTVcboTB5B/g7nrxCODIB4wfEkJ/YqZM5wUvol77K1qeS0/rVO6z21A=="],

    "@jimp/plugin-mask": ["@jimp/plugin-mask@1.6.1", "", { "dependencies": { "@jimp/types": "1.6.1", "zod": "^3.23.8" } }, "sha512-SIG0/FcmEj3tkwFxc7fAGLO8o4uNzMpSOdQOhbCgxefQKq5wOVMk9BQx/sdMPBwtMLr9WLq0GzLA/rk6t2v20A=="],

    "@jimp/plugin-print": ["@jimp/plugin-print@1.6.1", "", { "dependencies": { "@jimp/core": "1.6.1", "@jimp/js-jpeg": "1.6.1", "@jimp/js-png": "1.6.1", "@jimp/plugin-blit": "1.6.1", "@jimp/types": "1.6.1", "parse-bmfont-ascii": "^1.0.6", "parse-bmfont-binary": "^1.0.6", "parse-bmfont-xml": "^1.1.6", "simple-xml-to-json": "^1.2.2", "zod": "^3.23.8" } }, "sha512-BYVz/X3Xzv8XYilVeDy11NOp0h7BTDjlOtu0BekIFHP1yHVd24AXNzbOy52XlzYZWQ0Dl36HOHEpl/nSNrzc6w=="],

    "@jimp/plugin-quantize": ["@jimp/plugin-quantize@1.6.1", "", { "dependencies": { "image-q": "^4.0.0", "zod": "^3.23.8" } }, "sha512-J2En9PLURfP+vwYDtuZ9T8yBW6BWYZBScydAjRiPBmJfEhTcNQqiiQODrZf7EqbbX/Sy5H6dAeRiqkgoV9N6Ww=="],

    "@jimp/plugin-resize": ["@jimp/plugin-resize@1.6.1", "", { "dependencies": { "@jimp/core": "1.6.1", "@jimp/types": "1.6.1", "zod": "^3.23.8" } }, "sha512-CLkrtJoIz2HdWnpYiN6p8KYcPc00rCH/SUu6o+lfZL05Q4uhecJlnvXuj9x+U6mDn3ldPmJj6aZqMHuUJzdVqg=="],

    "@jimp/plugin-rotate": ["@jimp/plugin-rotate@1.6.1", "", { "dependencies": { "@jimp/core": "1.6.1", "@jimp/plugin-crop": "1.6.1", "@jimp/plugin-resize": "1.6.1", "@jimp/types": "1.6.1", "@jimp/utils": "1.6.1", "zod": "^3.23.8" } }, "sha512-nOjVjbbj705B02ksysKnh0POAwEBXZtJ9zQ5qC+X7Tavl3JNn+P3BzQovbBxLPSbUSld6XID9z5ijin4PtOAUg=="],

    "@jimp/plugin-threshold": ["@jimp/plugin-threshold@1.6.1", "", { "dependencies": { "@jimp/core": "1.6.1", "@jimp/plugin-color": "1.6.1", "@jimp/plugin-hash": "1.6.1", "@jimp/types": "1.6.1", "@jimp/utils": "1.6.1", "zod": "^3.23.8" } }, "sha512-JOKv9F8s6tnVLf4sB/2fF0F339EFnHvgEdFYugO6VhowKLsap0pEZmLyE/DlRnYtIj2RddHZVxVMp/eKJ04l2Q=="],

    "@jimp/types": ["@jimp/types@1.6.1", "", { "dependencies": { "zod": "^3.23.8" } }, "sha512-leI7YbveTNi565m910XgIOwXyuu074H5qazAD1357HImJSv2hqxnWXpwxQbadGWZ7goZRYBDZy5lpqud0p7q5w=="],

    "@jimp/utils": ["@jimp/utils@1.6.1", "", { "dependencies": { "@jimp/types": "1.6.1", "tinycolor2": "^1.6.0" } }, "sha512-veFPRd93FCnS7AgmCkPgARVGoDRrJ9cm1ujuNyA+UfQ5VKbED2002sm5XfFLFwTsKC8j04heTrwe+tU1dluXOw=="],

    "@opentui/core": ["@opentui/core@0.4.5", "", { "dependencies": { "bun-ffi-structs": "0.2.4", "diff": "9.0.0", "marked": "17.0.1", "string-width": "7.2.0", "strip-ansi": "7.1.2" }, "optionalDependencies": { "@opentui/core-darwin-arm64": "0.4.5", "@opentui/core-darwin-x64": "0.4.5", "@opentui/core-linux-arm64": "0.4.5", "@opentui/core-linux-arm64-musl": "0.4.5", "@opentui/core-linux-x64": "0.4.5", "@opentui/core-linux-x64-musl": "0.4.5", "@opentui/core-win32-arm64": "0.4.5", "@opentui/core-win32-x64": "0.4.5" }, "peerDependencies": { "web-tree-sitter": "0.25.10" } }, "sha512-JsgRTPkA6e+Vxmumxai6SElOSlRQkbzNKHlCfemlArRiLhfC1IZ9RXJo2QH4xSu+uBOWAM90uss73/pPlkdEig=="],

    "@opentui/core-darwin-arm64": ["@opentui/core-darwin-arm64@0.4.5", "", { "os": "darwin", "cpu": "arm64" }, "sha512-8KUG0oRidnR+oW1RSZJ72/PhZLl+qRRMk5U/mieF4c0SJ5V3tYACpBZAKzQfHNd1f7QzD8FHZct1lPpQgtmkWg=="],

    "@opentui/core-darwin-x64": ["@opentui/core-darwin-x64@0.4.5", "", { "os": "darwin", "cpu": "x64" }, "sha512-R2bocsg55gwjOqCp/MWFgFYzRmsduKegB6nzgFAPCvAD/L5Jf30xpWJWFlSg3x8vxe1L9WJ84dfqa4M7mZZ3wA=="],

    "@opentui/core-linux-arm64": ["@opentui/core-linux-arm64@0.4.5", "", { "os": "linux", "cpu": "arm64" }, "sha512-R4MZ25a4CzOAGVjW9aj1hUfzQGVfCJwrwBDbNs2SXaIvzcZqkxCVtU4FoQ5LsaD0j/BdNQVg2CIfFkFsm1fDuQ=="],

    "@opentui/core-linux-arm64-musl": ["@opentui/core-linux-arm64-musl@0.4.5", "", { "os": "linux", "cpu": "arm64" }, "sha512-ieqdyKI6EIYPalYAETB2wsdP83hr5Ifi+dFnBFUmdEEFHsoKwBmn2S7bsTOYlX7Bg03F4/YPIg+IvRpeC+cUJw=="],

    "@opentui/core-linux-x64": ["@opentui/core-linux-x64@0.4.5", "", { "os": "linux", "cpu": "x64" }, "sha512-SNyuQoxMKI1vuJhgxSSW96adWM6LqFl2SoS3GM4tGeneGOanVVG2Y06PvlytXvF4cKik97t0rqkVMRetmOs93w=="],

    "@opentui/core-linux-x64-musl": ["@opentui/core-linux-x64-musl@0.4.5", "", { "os": "linux", "cpu": "x64" }, "sha512-mKVKcIcPiSVVZZsdPSBoWwoa2/TCeQAaMDeHF7PFw2kt5bTXZPP7xxWfRQLCNIcA1eaGl59UuwUWHDR2Ve548Q=="],

    "@opentui/core-win32-arm64": ["@opentui/core-win32-arm64@0.4.5", "", { "os": "win32", "cpu": "arm64" }, "sha512-GHTTsqeR45q2Iek9Rb7ty+x/hAKn2jZ1ujlCgPR8LBKyF7h0E1dNFryoZ7ehMc3kJndP1sKn836IemKFqxuDdQ=="],

    "@opentui/core-win32-x64": ["@opentui/core-win32-x64@0.4.5", "", { "os": "win32", "cpu": "x64" }, "sha512-Y8T/yXCDGagRGiQrtmuB6AhRcPucKFs/Dre3v8kJwNYqDccI4FzUPKclZ7djfmRZNjl7JUqPhZZP/PwDpQocMg=="],

    "@opentui/keymap": ["@opentui/keymap@0.4.5", "", { "dependencies": { "@opentui/core": "0.4.5" }, "peerDependencies": { "@opentui/react": "0.4.5", "@opentui/solid": "0.4.5", "react": ">=19.2.0", "solid-js": "1.9.12" }, "optionalPeers": ["@opentui/react", "@opentui/solid", "react", "solid-js"] }, "sha512-S1wzKHhF70zT6bH+VBFY+lSeTImLcIFW28JNQiME8MoPcy6KGPs7rKFSHrb/U7P8rsTJeRfW5A4d1Cy6PKodDg=="],

    "@opentui/qrcode": ["@opentui/qrcode@0.4.5", "", { "dependencies": { "@opentui/core": "0.4.5" }, "peerDependencies": { "@opentui/react": "0.4.5", "@opentui/solid": "0.4.5" }, "optionalPeers": ["@opentui/react", "@opentui/solid"] }, "sha512-7CvRUCvm9aR+M3urWIP1G6+5Nyz7KjwwuHz373mK8TeV+dvla1idlwQ6YzT5YBfB1MqkdlpM8dxBD5skX1+29g=="],

    "@opentui/react": ["@opentui/react@0.4.5", "", { "dependencies": { "@opentui/core": "0.4.5", "react-reconciler": "^0.33.0" }, "peerDependencies": { "react": ">=19.2.0", "react-devtools-core": "^7.0.1", "ws": "^8.18.0" } }, "sha512-n88Vx0cMmAu++/S14WscjvdcT46IDcxve02jMtcfHQ9j6cySRHfILfGEpOB7xxc8RpCwQceEyOjkKkfzPzm6Jg=="],

    "@opentui/ssh": ["@opentui/ssh@0.4.5", "", { "dependencies": { "ssh2": "^1.16.0" }, "peerDependencies": { "@opentui/core": "0.4.5" } }, "sha512-8YSWXl/h9TI5Otpmu7knB8PXHqiKcx8o9YSWyAOGG3q3lq0A0lQUp+l1ENFOMliYadfJG319OqLHUpdqPNUYXQ=="],

    "@opentui/three": ["@opentui/three@0.4.5", "", { "dependencies": { "@opentui/core": "0.4.5", "jimp": "1.6.1", "three": "0.177.0" }, "optionalDependencies": { "@dimforge/rapier2d-simd-compat": "^0.17.3", "bun-webgpu": "0.1.7", "planck": "^1.4.2" } }, "sha512-a39+QJ4cHNyco1famau5KSRCFJ4DDDL5AUVlWE8mCf/8h6FERJN1NTSKFE7SvdwU6wmh0EnTqhRnvF1XGHDnmQ=="],

    "@tokenizer/inflate": ["@tokenizer/inflate@0.4.1", "", { "dependencies": { "debug": "^4.4.3", "token-types": "^6.1.1" } }, "sha512-2mAv+8pkG6GIZiF1kNg1jAjh27IDxEPKwdGul3snfztFerfPGI1LjDezZp3i7BElXompqEtPmoPx6c2wgtWsOA=="],

    "@tokenizer/token": ["@tokenizer/token@0.3.0", "", {}, "sha512-OvjF+z51L3ov0OyAU0duzsYuvO01PH7x4t6DJx+guahgTnBHkhJdG7soQeTSFLWN3efnHyibZ4Z8l2EuWwJN3A=="],

    "@types/bun": ["@types/bun@1.3.14", "", { "dependencies": { "bun-types": "1.3.14" } }, "sha512-h1hFqFVcvAvD9j9K7ZW7vd82aSA+rTdznZa+5bwvCwqSB1jmmfLcbIWhOLx1/+boy/xmjgCs/OMUL8hRJSmnPw=="],

    "@types/node": ["@types/node@26.1.2", "", { "dependencies": { "undici-types": "~8.3.0" } }, "sha512-Vu4a5UFA9rIIFJ7rB/Vaafh9lrCQszopTCx6KjFboXTGQbPNasehVR5TEiithSDGyd1DEiUByggTZsg8jukeIg=="],

    "@types/react": ["@types/react@19.2.18", "", { "dependencies": { "csstype": "^3.2.2" } }, "sha512-AnzbBERsrLKtk2XSfTbYRLjQPdy116Sty4q+T+Bp3IC4l6jNBvreVPAHmpq9qhXQM7CXZPjLVmGMw9sy+hxQ3w=="],

    "@webgpu/types": ["@webgpu/types@0.1.71", "", {}, "sha512-mMy8/ODcKhab808co15eW+yN+HgXoQxRQHTiBV9Mrvl1r0ufnid7YOcI+gi4eUWSWl9ezD6TW2KXccrL8HCh2A=="],

    "ansi-regex": ["ansi-regex@6.2.2", "", {}, "sha512-Bq3SmSpyFHaWjPk8If9yc6svM8c56dB5BAtW4Qbw5jHTwwXXcTLoRMkpDJp6VL0XzlWaCHTXrkFURMYmD0sLqg=="],

    "any-base": ["any-base@1.1.0", "", {}, "sha512-uMgjozySS8adZZYePpaWs8cxB9/kdzmpX6SgJZ+wbz1K5eYk5QMYDVJaZKhxyIHUdnnJkfR7SVgStgH7LkGUyg=="],

    "asn1": ["asn1@0.2.6", "", { "dependencies": { "safer-buffer": "~2.1.0" } }, "sha512-ix/FxPn0MDjeyJ7i/yoHGFt/EX6LyNbxSEhPPXODPL+KB0VPk86UYfL0lMdy+KCnv+fmvIzySwaK5COwqVbWTQ=="],

    "await-to-js": ["await-to-js@3.0.0", "", {}, "sha512-zJAaP9zxTcvTHRlejau3ZOY4V7SRpiByf3/dxx2uyKxxor19tpmpV2QRsTKikckwhaPmr2dVpxxMr7jOCYVp5g=="],

    "bcrypt-pbkdf": ["bcrypt-pbkdf@1.0.2", "", { "dependencies": { "tweetnacl": "^0.14.3" } }, "sha512-qeFIXtP4MSoi6NLqO12WfqARWWuCKi2Rn/9hJLEmtB5yTNr9DqFWkJRCf2qShWzPeAMRnOgCrq0sg/KLv5ES9w=="],

    "bmp-ts": ["bmp-ts@1.0.9", "", {}, "sha512-cTEHk2jLrPyi+12M3dhpEbnnPOsaZuq7C45ylbbQIiWgDFZq4UVYPEY5mlqjvsj/6gJv9qX5sa+ebDzLXT28Vw=="],

    "buildcheck": ["buildcheck@0.0.7", "", {}, "sha512-lHblz4ahamxpTmnsk+MNTRWsjYKv965MwOrSJyeD588rR3Jcu7swE+0wN5F+PbL5cjgu/9ObkhfzEPuofEMwLA=="],

    "bun-ffi-structs": ["bun-ffi-structs@0.2.4", "", { "peerDependencies": { "typescript": "^5" } }, "sha512-AJzsqoVFs1KBbJbWHIYrVZLDC3NhTqqh25awRXqzoLzmBAKr5oqk6+CwuYHAekKx+VBCYVohBoKuRq40dV+TYg=="],

    "bun-types": ["bun-types@1.3.14", "", { "dependencies": { "@types/node": "*" } }, "sha512-4N0ig0fEomHt5R0KCFWjovxow98rIoRwKolrYdCcknNwMekCXRnWEUvgu5soYV8QXtVsrUD8B95MBOZGPvr6KQ=="],

    "bun-webgpu": ["bun-webgpu@0.1.7", "", { "dependencies": { "@webgpu/types": "^0.1.60" }, "optionalDependencies": { "bun-webgpu-darwin-arm64": "^0.1.7", "bun-webgpu-darwin-x64": "^0.1.7", "bun-webgpu-linux-x64": "^0.1.7", "bun-webgpu-win32-x64": "^0.1.7" } }, "sha512-KUxUp+oQIf7pPBMD4Hv1TUu7DWaOZ4ciKulTk9to9+Uc8yHoYrMW7L2SJCJ4FHHkywgf/7aLRgRx0b7i6DvGIQ=="],

    "bun-webgpu-darwin-arm64": ["bun-webgpu-darwin-arm64@0.1.7", "", { "os": "darwin", "cpu": "arm64" }, "sha512-mRrFFyHzPWjsTRidAZBRcu808CPQBOUL0P6b4nxLhp+XHcV/mbUHERZMgW9s58tsojQfSdzschiQa8q+JCgRWA=="],

    "bun-webgpu-darwin-x64": ["bun-webgpu-darwin-x64@0.1.7", "", { "os": "darwin", "cpu": "x64" }, "sha512-g0NXGNgvaVCSH/jCWWlfdiquOHkbUN6vP4zqzSkIxWKQeLnqm3oADcok7SO3yIgI7v5mKpRc/ks7NDEKNH+jNQ=="],

    "bun-webgpu-linux-x64": ["bun-webgpu-linux-x64@0.1.7", "", { "os": "linux", "cpu": "x64" }, "sha512-UEP7UZdEhx9otvkZczjsszL8ZVlrODANQvgl+C88/bNVmxDoFi7w1fWzGi1sZyakiETjmtFDq2/xCLhbSZxjqw=="],

    "bun-webgpu-win32-x64": ["bun-webgpu-win32-x64@0.1.7", "", { "os": "win32", "cpu": "x64" }, "sha512-KZktiFkBz6sN7PEm1NVdeaLP5Q5X/PlSHZqefY4nNuWtf0LNvh54NhZe7yVv/Plz/nGbv92b0KHMBY3ki/pp6g=="],

    "cpu-features": ["cpu-features@0.0.10", "", { "dependencies": { "buildcheck": "~0.0.6", "nan": "^2.19.0" } }, "sha512-9IkYqtX3YHPCzoVg1Py+o9057a3i0fp7S530UWokCSaFVTc7CwXPRiOjRjBQQ18ZCNafx78YfnG+HALxtVmOGA=="],

    "csstype": ["csstype@3.2.3", "", {}, "sha512-z1HGKcYy2xA8AGQfwrn0PAy+PB7X/GSj3UVJW9qKyn43xWa+gl5nXmU4qqLMRzWVLFC8KusUX8T/0kCiOYpAIQ=="],

    "debug": ["debug@4.4.3", "", { "dependencies": { "ms": "^2.1.3" }, "peerDependencies": { "supports-color": "*" }, "optionalPeers": ["supports-color"] }, "sha512-RGwwWnwQvkVfavKVt22FGLw+xYSdzARwm0ru6DhTVA3umU5hZc28V3kO4stgYryrTlLpuvgI9GiijltAjNbcqA=="],

    "diff": ["diff@9.0.0", "", {}, "sha512-svtcdpS8CgJyqAjEQIXdb3OjhFVVYjzGAPO8WGCmRbrml64SPw/jJD4GoE98aR7r25A0XcgrK3F02yw9R/vhQw=="],

    "emoji-regex": ["emoji-regex@10.6.0", "", {}, "sha512-toUI84YS5YmxW219erniWD0CIVOo46xGKColeNQRgOzDorgBi1v4D71/OFzgD9GO2UGKIv1C3Sp8DAn0+j5w7A=="],

    "exif-parser": ["exif-parser@0.1.12", "", {}, "sha512-c2bQfLNbMzLPmzQuOr8fy0csy84WmwnER81W88DzTp9CYNPJ6yzOj2EZAh9pywYpqHnshVLHQJ8WzldAyfY+Iw=="],

    "file-type": ["file-type@21.3.4", "", { "dependencies": { "@tokenizer/inflate": "^0.4.1", "strtok3": "^10.3.4", "token-types": "^6.1.1", "uint8array-extras": "^1.4.0" } }, "sha512-Ievi/yy8DS3ygGvT47PjSfdFoX+2isQueoYP1cntFW1JLYAuS4GD7NUPGg4zv2iZfV52uDyk5w5Z0TdpRS6Q1g=="],

    "get-east-asian-width": ["get-east-asian-width@1.6.0", "", {}, "sha512-QRbvDIbx6YklUe6RxeTeleMR0yv3cYH6PsPZHcnVn7xv7zO1BHN8r0XETu8n6Ye3Q+ahtSarc3WgtNWmehIBfA=="],

    "gifwrap": ["gifwrap@0.10.1", "", { "dependencies": { "image-q": "^4.0.0", "omggif": "^1.0.10" } }, "sha512-2760b1vpJHNmLzZ/ubTtNnEx5WApN/PYWJvXvgS+tL1egTTthayFYIQQNi136FLEDcN/IyEY2EcGpIITD6eYUw=="],

    "ieee754": ["ieee754@1.2.1", "", {}, "sha512-dcyqhDvX1C46lXZcVqCpK+FtMRQVdIMN6/Df5js2zouUsqG7I6sFxitIC+7KYK29KdXOLHdu9zL4sFnoVQnqaA=="],

    "image-q": ["image-q@4.0.0", "", { "dependencies": { "@types/node": "16.9.1" } }, "sha512-PfJGVgIfKQJuq3s0tTDOKtztksibuUEbJQIYT3by6wctQo+Rdlh7ef4evJ5NCdxY4CfMbvFkocEwbl4BF8RlJw=="],

    "jimp": ["jimp@1.6.1", "", { "dependencies": { "@jimp/core": "1.6.1", "@jimp/diff": "1.6.1", "@jimp/js-bmp": "1.6.1", "@jimp/js-gif": "1.6.1", "@jimp/js-jpeg": "1.6.1", "@jimp/js-png": "1.6.1", "@jimp/js-tiff": "1.6.1", "@jimp/plugin-blit": "1.6.1", "@jimp/plugin-blur": "1.6.1", "@jimp/plugin-circle": "1.6.1", "@jimp/plugin-color": "1.6.1", "@jimp/plugin-contain": "1.6.1", "@jimp/plugin-cover": "1.6.1", "@jimp/plugin-crop": "1.6.1", "@jimp/plugin-displace": "1.6.1", "@jimp/plugin-dither": "1.6.1", "@jimp/plugin-fisheye": "1.6.1", "@jimp/plugin-flip": "1.6.1", "@jimp/plugin-hash": "1.6.1", "@jimp/plugin-mask": "1.6.1", "@jimp/plugin-print": "1.6.1", "@jimp/plugin-quantize": "1.6.1", "@jimp/plugin-resize": "1.6.1", "@jimp/plugin-rotate": "1.6.1", "@jimp/plugin-threshold": "1.6.1", "@jimp/types": "1.6.1", "@jimp/utils": "1.6.1" } }, "sha512-hNQh6rZtWfSVWSNVmvq87N5BPJsNH7k7I7qyrXf9DOma9xATQk3fsyHazCQe51nCjdkoWdTmh0vD7bjVSLoxxw=="],

    "jpeg-js": ["jpeg-js@0.4.4", "", {}, "sha512-WZzeDOEtTOBK4Mdsar0IqEU5sMr3vSV2RqkAIzUEV2BHnUfKGyswWFPFwK5EeDo93K3FohSHbLAjj0s1Wzd+dg=="],

    "marked": ["marked@17.0.1", "", { "bin": { "marked": "bin/marked.js" } }, "sha512-boeBdiS0ghpWcSwoNm/jJBwdpFaMnZWRzjA6SkUMYb40SVaN1x7mmfGKp0jvexGcx+7y2La5zRZsYFZI6Qpypg=="],

    "mime": ["mime@3.0.0", "", { "bin": { "mime": "cli.js" } }, "sha512-jSCU7/VB1loIWBZe14aEYHU/+1UMEHoaO7qxCOVJOw9GgH72VAWppxNcjU+x9a2k3GSIBXNKxXQFqRvvZ7vr3A=="],

    "ms": ["ms@2.1.3", "", {}, "sha512-6FlzubTLZG3J2a/NVCAleEhjzq5oxgHyaCU9yYXvcLsvoVaHJq/s5xXI6/XXP6tz7R9xAOtHnSO/tXtF3WRTlA=="],

    "nan": ["nan@2.28.0", "", {}, "sha512-fTsDz99OTq2sVePhGdp4qQhggZFtKr64ZNVyVajRKtMOkJxYekplBh577PiJB12v/D3s2E5cGtOI45LWp6rnLQ=="],

    "omggif": ["omggif@1.0.10", "", {}, "sha512-LMJTtvgc/nugXj0Vcrrs68Mn2D1r0zf630VNtqtpI1FEO7e+O9FP4gqs9AcnBaSEeoHIPm28u6qgPR0oyEpGSw=="],

    "pako": ["pako@1.0.11", "", {}, "sha512-4hLB8Py4zZce5s4yd9XzopqwVv/yGNhV1Bl8NTmCq1763HeK2+EwVTv+leGeL13Dnh2wfbqowVPXCIO0z4taYw=="],

    "parse-bmfont-ascii": ["parse-bmfont-ascii@1.0.6", "", {}, "sha512-U4RrVsUFCleIOBsIGYOMKjn9PavsGOXxbvYGtMOEfnId0SVNsgehXh1DxUdVPLoxd5mvcEtvmKs2Mmf0Mpa1ZA=="],

    "parse-bmfont-binary": ["parse-bmfont-binary@1.0.6", "", {}, "sha512-GxmsRea0wdGdYthjuUeWTMWPqm2+FAd4GI8vCvhgJsFnoGhTrLhXDDupwTo7rXVAgaLIGoVHDZS9p/5XbSqeWA=="],

    "parse-bmfont-xml": ["parse-bmfont-xml@1.1.6", "", { "dependencies": { "xml-parse-from-string": "^1.0.0", "xml2js": "^0.5.0" } }, "sha512-0cEliVMZEhrFDwMh4SxIyVJpqYoOWDJ9P895tFuS+XuNzI5UBmBk5U5O4KuJdTnZpSBI4LFA2+ZiJaiwfSwlMA=="],

    "pixelmatch": ["pixelmatch@5.3.0", "", { "dependencies": { "pngjs": "^6.0.0" }, "bin": { "pixelmatch": "bin/pixelmatch" } }, "sha512-o8mkY4E/+LNUf6LzX96ht6k6CEDi65k9G2rjMtBe9Oo+VPKSvl+0GKHuH/AlG+GA5LPG/i5hrekkxUc3s2HU+Q=="],

    "planck": ["planck@1.5.0", "", { "peerDependencies": { "stage-js": "^1.0.0-alpha.12" } }, "sha512-dlvqJE+FscZgrGUXJ5ybd0o5bvZ5XXyZNbm08xGsXp9WjXeAyWSFT6n9s/1PQcUBo4546fDXA5RMA4wbDyZw6g=="],

    "pngjs": ["pngjs@7.0.0", "", {}, "sha512-LKWqWJRhstyYo9pGvgor/ivk2w94eSjE3RGVuzLGlr3NmD8bf7RcYGze1mNdEHRP6TRP6rMuDHk5t44hnTRyow=="],

    "react": ["react@19.2.8", "", {}, "sha512-PWaYA1L/q9u2u7xYQi+Y3L3Yfnie7XyLeaJICV1MGD6LprsBxcAqGjYyr0eY3p+QdsA+x/Irkt4Qif8D63+Sbw=="],

    "react-devtools-core": ["react-devtools-core@7.0.1", "", { "dependencies": { "shell-quote": "^1.6.1", "ws": "^7" } }, "sha512-C3yNvRHaizlpiASzy7b9vbnBGLrhvdhl1CbdU6EnZgxPNbai60szdLtl+VL76UNOt5bOoVTOz5rNWZxgGt+Gsw=="],

    "react-reconciler": ["react-reconciler@0.33.0", "", { "dependencies": { "scheduler": "^0.27.0" }, "peerDependencies": { "react": "^19.2.0" } }, "sha512-KetWRytFv1epdpJc3J4G75I4WrplZE5jOL7Yq0p34+OVOKF4Se7WrdIdVC45XsSSmUTlht2FM/fM1FZb1mfQeA=="],

    "safer-buffer": ["safer-buffer@2.1.2", "", {}, "sha512-YZo3K82SD7Riyi0E1EQPojLz7kpepnSQI9IyPbHHg1XXXevb5dJI7tpyN2ADxGcQbHG7vcyRHk0cbwqcQriUtg=="],

    "sax": ["sax@1.6.1", "", {}, "sha512-42tBVwLWnaQvW5zc4HbZrTuWccECCZfBi92FDuwtqxasH+JbPB3/FOKb1m222K42R4WxuxzzMsTswfzgtSu64Q=="],

    "scheduler": ["scheduler@0.27.0", "", {}, "sha512-eNv+WrVbKu1f3vbYJT/xtiF5syA5HPIMtf9IgY/nKg0sWqzAUEvqY/xm7OcZc/qafLx/iO9FgOmeSAp4v5ti/Q=="],

    "shell-quote": ["shell-quote@1.10.0", "", {}, "sha512-w1aiOKwKuRgtwAReIIj89puqg+I7GvX4IbLrvmhXbzQsj1+Zwi4VO3+fa6ZF91TWSjIxoEkKnMeHcLEODK5ZXA=="],

    "simple-xml-to-json": ["simple-xml-to-json@1.2.7", "", {}, "sha512-mz9VXphOxQWX3eQ/uXCtm6upltoN0DLx8Zb5T4TFC4FHB7S9FDPGre8CfLWqPWQQH/GrQYd2AXhhVM5LDpYx6Q=="],

    "ssh2": ["ssh2@1.17.0", "", { "dependencies": { "asn1": "^0.2.6", "bcrypt-pbkdf": "^1.0.2" }, "optionalDependencies": { "cpu-features": "~0.0.10", "nan": "^2.23.0" } }, "sha512-wPldCk3asibAjQ/kziWQQt1Wh3PgDFpC0XpwclzKcdT1vql6KeYxf5LIt4nlFkUeR8WuphYMKqUA56X4rjbfgQ=="],

    "stage-js": ["stage-js@1.0.2", "", {}, "sha512-EWTRBYlg7Qv9wGUao99/PfRe3KaiQqWmgSvTOXvaWnu1Jk/q/vV8yJVu6bi/3EqDZeMVnCPAjheba6OFc5k1GQ=="],

    "string-width": ["string-width@7.2.0", "", { "dependencies": { "emoji-regex": "^10.3.0", "get-east-asian-width": "^1.0.0", "strip-ansi": "^7.1.0" } }, "sha512-tsaTIkKW9b4N+AEj+SVA+WhJzV7/zMhcSu78mLKWSk7cXMOSHsBKFWUs0fWwq8QyK3MgJBQRX6Gbi4kYbdvGkQ=="],

    "strip-ansi": ["strip-ansi@7.1.2", "", { "dependencies": { "ansi-regex": "^6.0.1" } }, "sha512-gmBGslpoQJtgnMAvOVqGZpEz9dyoKTCzy2nfz/n8aIFhN/jCE/rCmcxabB6jOOHV+0WNnylOxaxBQPSvcWklhA=="],

    "strtok3": ["strtok3@10.3.5", "", { "dependencies": { "@tokenizer/token": "^0.3.0" } }, "sha512-ki4hZQfh5rX0QDLLkOCj+h+CVNkqmp/CMf8v8kZpkNVK6jGQooMytqzLZYUVYIZcFZ6yDB70EfD8POcFXiF5oA=="],

    "three": ["three@0.177.0", "", {}, "sha512-EiXv5/qWAaGI+Vz2A+JfavwYCMdGjxVsrn3oBwllUoqYeaBO75J63ZfyaQKoiLrqNHoTlUc6PFgMXnS0kI45zg=="],

    "tinycolor2": ["tinycolor2@1.6.0", "", {}, "sha512-XPaBkWQJdsf3pLKJV9p4qN/S+fm2Oj8AIPo1BTUhg5oxkvm9+SVEGFdhyOz7tTdUTfvxMiAs4sp6/eZO2Ew+pw=="],

    "token-types": ["token-types@6.1.2", "", { "dependencies": { "@borewit/text-codec": "^0.2.1", "@tokenizer/token": "^0.3.0", "ieee754": "^1.2.1" } }, "sha512-dRXchy+C0IgK8WPC6xvCHFRIWYUbqqdEIKPaKo/AcTUNzwLTK6AH7RjdLWsEZcAN/TBdtfUw3PYEgPr5VPr6ww=="],

    "tweetnacl": ["tweetnacl@0.14.5", "", {}, "sha512-KXXFFdAbFXY4geFIwoyNK+f5Z1b7swfXABfL7HXCmoIWMKU3dmS26672A4EeQtDzLKy7SXmfBu51JolvEKwtGA=="],

    "typescript": ["typescript@5.9.3", "", { "bin": { "tsc": "bin/tsc", "tsserver": "bin/tsserver" } }, "sha512-jl1vZzPDinLr9eUt3J/t7V6FgNEw9QjvBPdysz9KfQDD41fQrC2Y4vKQdiaUpFT4bXlb1RHhLpp8wtm6M5TgSw=="],

    "uint8array-extras": ["uint8array-extras@1.5.0", "", {}, "sha512-rvKSBiC5zqCCiDZ9kAOszZcDvdAHwwIKJG33Ykj43OKcWsnmcBRL09YTU4nOeHZ8Y2a7l1MgTd08SBe9A8Qj6A=="],

    "undici-types": ["undici-types@8.3.0", "", {}, "sha512-j375ScV60dom+YkPFIfTLcOiPxkN/buHz5GobjLhixFuANaNs3C9l4GmrWqejgXWJ7BbJcFYpTEUkS1Ge8bpZQ=="],

    "utif2": ["utif2@4.1.0", "", { "dependencies": { "pako": "^1.0.11" } }, "sha512-+oknB9FHrJ7oW7A2WZYajOcv4FcDR4CfoGB0dPNfxbi4GO05RRnFmt5oa23+9w32EanrYcSJWspUiJkLMs+37w=="],

    "web-tree-sitter": ["web-tree-sitter@0.25.10", "", { "peerDependencies": { "@types/emscripten": "^1.40.0" }, "optionalPeers": ["@types/emscripten"] }, "sha512-Y09sF44/13XvgVKgO2cNDw5rGk6s26MgoZPXLESvMXeefBf7i6/73eFurre0IsTW6E14Y0ArIzhUMmjoc7xyzA=="],

    "ws": ["ws@8.21.1", "", { "peerDependencies": { "bufferutil": "^4.0.1", "utf-8-validate": ">=5.0.2" }, "optionalPeers": ["bufferutil", "utf-8-validate"] }, "sha512-+0NTnW77fFN/DjQi6k/Sq/Yvk4Sgajw7urW8V+asjXnRgDs9gyGkdb7EzgfhA4goXsRIZKE28fzIXBHEzhuiWw=="],

    "xml-parse-from-string": ["xml-parse-from-string@1.0.1", "", {}, "sha512-ErcKwJTF54uRzzNMXq2X5sMIy88zJvfN2DmdoQvy7PAFJ+tPRU6ydWuOKNMyfmOjdyBQTFREi60s0Y0SyI0G0g=="],

    "xml2js": ["xml2js@0.5.0", "", { "dependencies": { "sax": ">=0.6.0", "xmlbuilder": "~11.0.0" } }, "sha512-drPFnkQJik/O+uPKpqSgr22mpuFHqKdbS835iAQrUC73L2F5WkboIRd63ai/2Yg6I1jzifPFKH2NTK+cfglkIA=="],

    "xmlbuilder": ["xmlbuilder@11.0.1", "", {}, "sha512-fDlsI/kFEx7gLvbecc0/ohLG50fugQp8ryHzMTuW9vSa1GJ0XYWKnhsUx7oie3G98+r56aTQIUB4kht42R3JvA=="],

    "zod": ["zod@3.25.76", "", {}, "sha512-gzUt/qt81nXsFGKIFcC3YnfEAx5NkunCfnDlvuBSSFS02bcXu4Lmea0AFIUwbLWxWPx3d9p8S5QoaujKcNQxcQ=="],

    "image-q/@types/node": ["@types/node@16.9.1", "", {}, "sha512-QpLcX9ZSsq3YYUUnD3nFDY8H7wctAhQj/TFKL8Ya8v5fMm3CFXxo8zStsLAl780ltoYoo1WvKUVGBQK+1ifr7g=="],

    "pixelmatch/pngjs": ["pngjs@6.0.0", "", {}, "sha512-TRzzuFRRmEoSW/p1KVAmiOgPco2Irlah+bGFCeNfJXxxYGwSw7YwAOAcd7X28K/m5bjBWKsC29KyoMfHbypayg=="],

    "react-devtools-core/ws": ["ws@7.5.13", "", { "peerDependencies": { "bufferutil": "^4.0.1", "utf-8-validate": "^5.0.2" }, "optionalPeers": ["bufferutil", "utf-8-validate"] }, "sha512-rsKI6xDBFVf4r/x8XyChGK04QR/XHroxs/jUcoWvtEZM8TPU/X/uIY9B1CsSzYws9ZJb/6bbBu7dPhFW00CAoA=="],
  }
}
